
Microsoft Visual Studio Solution File, Format Version 12.00
# Visual Studio Version 17
VisualStudioVersion = 17.11.35219.272
MinimumVisualStudioVersion = 10.0.40219.1
Project("{FAE04EC0-301F-11D3-BF4B-00C04F79EFBC}") = "TicTacToe", "TicTacToe\TicTacToe.csproj", "{2434A812-3583-4109-ABF0-7BA55852FF09}"
EndProject
Global
	GlobalSection(SolutionConfigurationPlatforms) = preSolution
		Debug|Any CPU = Debug|Any CPU
		Release|Any CPU = Release|Any CPU
	EndGlobalSection
	GlobalSection(ProjectConfigurationPlatforms) = postSolution
		{2434A812-3583-4109-ABF0-7BA55852FF09}.Debug|Any CPU.ActiveCfg = Debug|Any CPU
		{2434A812-3583-4109-ABF0-7BA55852FF09}.Debug|Any CPU.Build.0 = Debug|Any CPU
		{2434A812-3583-4109-ABF0-7BA55852FF09}.Release|Any CPU.ActiveCfg = Release|Any CPU
		{2434A812-3583-4109-ABF0-7BA55852FF09}.Release|Any CPU.Build.0 = Release|Any CPU
	EndGlobalSection
	GlobalSection(SolutionProperties) = preSolution
		HideSolutionNode = FALSE
	EndGlobalSection
	GlobalSection(ExtensibilityGlobals) = postSolution
		SolutionGuid = {F4FE3C3E-B671-4681-B7F6-C8C2EB63E53E}
	EndGlobalSection
EndGlobal
